
Microsoft Visual Studio Solution File, Format Version 12.00
# Visual Studio Version 17
VisualStudioVersion = 17.13.36105.23 d17.13
MinimumVisualStudioVersion = 10.0.40219.1
Project("{FAE04EC0-301F-11D3-BF4B-00C04F79EFBC}") = "LibraryLib", "LibraryLib.csproj", "{3E1B5030-7191-4BE8-BEBA-9C582948F0FB}"
EndProject
Global
	GlobalSection(SolutionConfigurationPlatforms) = preSolution
		Debug|Any CPU = Debug|Any CPU
		Release|Any CPU = Release|Any CPU
	EndGlobalSection
	GlobalSection(ProjectConfigurationPlatforms) = postSolution
		{3E1B5030-7191-4BE8-BEBA-9C582948F0FB}.Debug|Any CPU.ActiveCfg = Debug|Any CPU
		{3E1B5030-7191-4BE8-BEBA-9C582948F0FB}.Debug|Any CPU.Build.0 = Debug|Any CPU
		{3E1B5030-7191-4BE8-BEBA-9C582948F0FB}.Release|Any CPU.ActiveCfg = Release|Any CPU
		{3E1B5030-7191-4BE8-BEBA-9C582948F0FB}.Release|Any CPU.Build.0 = Release|Any CPU
	EndGlobalSection
	GlobalSection(SolutionProperties) = preSolution
		HideSolutionNode = FALSE
	EndGlobalSection
	GlobalSection(ExtensibilityGlobals) = postSolution
		SolutionGuid = {829ED28B-A5D5-4420-8EB1-2D34EA27DE5F}
	EndGlobalSection
EndGlobal
